
Microsoft Visual Studio Solution File, Format Version 12.00
# Visual Studio Version 17
VisualStudioVersion = 17.4.33110.190
MinimumVisualStudioVersion = 10.0.40219.1
Project("{FAE04EC0-301F-11D3-BF4B-00C04F79EFBC}") = "PharmacyManagementSystemMVCPart", "PharmacyManagementSystemMVCPart\PharmacyManagementSystemMVCPart.csproj", "{A738E5D1-0457-4D2C-937E-956DFA01389A}"
EndProject
Project("{FAE04EC0-301F-11D3-BF4B-00C04F79EFBC}") = "PharmacyManagementSystemWEBAPI", "PharmacyManagementSystemWEBAPI\PharmacyManagementSystemWEBAPI.csproj", "{A031C87D-8A4B-4974-A246-2D0E820AD023}"
EndProject
Global
	GlobalSection(SolutionConfigurationPlatforms) = preSolution
		Debug|Any CPU = Debug|Any CPU
		Release|Any CPU = Release|Any CPU
	EndGlobalSection
	GlobalSection(ProjectConfigurationPlatforms) = postSolution
		{A738E5D1-0457-4D2C-937E-956DFA01389A}.Debug|Any CPU.ActiveCfg = Debug|Any CPU
		{A738E5D1-0457-4D2C-937E-956DFA01389A}.Debug|Any CPU.Build.0 = Debug|Any CPU
		{A738E5D1-0457-4D2C-937E-956DFA01389A}.Release|Any CPU.ActiveCfg = Release|Any CPU
		{A738E5D1-0457-4D2C-937E-956DFA01389A}.Release|Any CPU.Build.0 = Release|Any CPU
		{A031C87D-8A4B-4974-A246-2D0E820AD023}.Debug|Any CPU.ActiveCfg = Debug|Any CPU
		{A031C87D-8A4B-4974-A246-2D0E820AD023}.Debug|Any CPU.Build.0 = Debug|Any CPU
		{A031C87D-8A4B-4974-A246-2D0E820AD023}.Release|Any CPU.ActiveCfg = Release|Any CPU
		{A031C87D-8A4B-4974-A246-2D0E820AD023}.Release|Any CPU.Build.0 = Release|Any CPU
	EndGlobalSection
	GlobalSection(SolutionProperties) = preSolution
		HideSolutionNode = FALSE
	EndGlobalSection
	GlobalSection(ExtensibilityGlobals) = postSolution
		SolutionGuid = {116B6831-3744-4696-A381-0823518ADDE1}
	EndGlobalSection
EndGlobal
